# THIS IS AN AUTOGENERATED FILE. DO NOT EDIT THIS FILE DIRECTLY.
# yarn lockfile v1


"@types/node@^8.0.7":
  version "8.10.39"
  resolved "https://registry.yarnpkg.com/@types/node/-/node-8.10.39.tgz#e7e87ad00364dd7bc485c940926345b8ec1a26ca"
  integrity sha512-rE7fktr02J8ybFf6eysife+WF+L4sAHWzw09DgdCebEu+qDwMvv4zl6Bc+825ttGZP73kCKxa3dhJOoGJ8+5mA==

atob-lite@^2.0.0:
  version "2.0.0"
  resolved "https://registry.yarnpkg.com/atob-lite/-/atob-lite-2.0.0.tgz#0fef5ad46f1bd7a8502c65727f0367d5ee43d696"
  integrity sha1-D+9a1G8b16hQLGVyfwNn1e5D1pY=

data-uri-to-buffer@^2.0.0:
  version "2.0.0"
  resolved "https://registry.yarnpkg.com/data-uri-to-buffer/-/data-uri-to-buffer-2.0.0.tgz#0ba23671727349828c32cfafddea411908d13d23"
  integrity sha512-YbKCNLPPP4inc0E5If4OaalBc7gpaM2MRv77Pv2VThVComLKfbGYtJcdDCViDyp1Wd4SebhHLz94vp91zbK6bw==
  dependencies:
    "@types/node" "^8.0.7"

is-base64@^0.1.0:
  version "0.1.0"
  resolved "https://registry.yarnpkg.com/is-base64/-/is-base64-0.1.0.tgz#a6f20610c6ef4863a51cba32bc0222544b932622"
  integrity sha512-WRRyllsGXJM7ZN7gPTCCQ/6wNPTRDwiWdPK66l5sJzcU/oOzcIcRRf0Rux8bkpox/1yjt0F6VJRsQOIG2qz5sg==

string-to-arraybuffer@^1.0.2:
  version "1.0.2"
  resolved "https://registry.yarnpkg.com/string-to-arraybuffer/-/string-to-arraybuffer-1.0.2.tgz#161147fbadea02e28b0935002cec4c40f1ca7f0a"
  integrity sha512-DaGZidzi93dwjQen5I2osxR9ERS/R7B1PFyufNMnzhj+fmlDQAc1DSDIJVJhgI8Oq221efIMbABUBdPHDRt43Q==
  dependencies:
    atob-lite "^2.0.0"
    is-base64 "^0.1.0"
